
Microsoft Visual Studio Solution File, Format Version 12.00
# Visual Studio Version 17
VisualStudioVersion = 17.7.34202.233
MinimumVisualStudioVersion = 10.0.40219.1
Project("{FAE04EC0-301F-11D3-BF4B-00C04F79EFBC}") = "PartyProductMVC", "PartyProductMVC\PartyProductMVC.csproj", "{1E764147-1446-4CF9-AD39-3A5782A0C8DE}"
EndProject
Global
	GlobalSection(SolutionConfigurationPlatforms) = preSolution
		Debug|Any CPU = Debug|Any CPU
		Release|Any CPU = Release|Any CPU
	EndGlobalSection
	GlobalSection(ProjectConfigurationPlatforms) = postSolution
		{1E764147-1446-4CF9-AD39-3A5782A0C8DE}.Debug|Any CPU.ActiveCfg = Debug|Any CPU
		{1E764147-1446-4CF9-AD39-3A5782A0C8DE}.Debug|Any CPU.Build.0 = Debug|Any CPU
		{1E764147-1446-4CF9-AD39-3A5782A0C8DE}.Release|Any CPU.ActiveCfg = Release|Any CPU
		{1E764147-1446-4CF9-AD39-3A5782A0C8DE}.Release|Any CPU.Build.0 = Release|Any CPU
	EndGlobalSection
	GlobalSection(SolutionProperties) = preSolution
		HideSolutionNode = FALSE
	EndGlobalSection
	GlobalSection(ExtensibilityGlobals) = postSolution
		SolutionGuid = {DF5554C7-51E9-42D9-9C4B-0C6F70B8E811}
	EndGlobalSection
EndGlobal
